
Microsoft Visual Studio Solution File, Format Version 12.00
# Visual Studio 15
VisualStudioVersion = 15.0.27004.2002
MinimumVisualStudioVersion = 10.0.40219.1
Project("{FAE04EC0-301F-11D3-BF4B-00C04F79EFBC}") = "MyFileBrowser", "MyFileBrowser\MyFileBrowser.csproj", "{99E41204-89EC-434A-B96C-A48C168E82C5}"
EndProject
Global
	GlobalSection(SolutionConfigurationPlatforms) = preSolution
		Debug|Any CPU = Debug|Any CPU
		Release|Any CPU = Release|Any CPU
	EndGlobalSection
	GlobalSection(ProjectConfigurationPlatforms) = postSolution
		{99E41204-89EC-434A-B96C-A48C168E82C5}.Debug|Any CPU.ActiveCfg = Debug|Any CPU
		{99E41204-89EC-434A-B96C-A48C168E82C5}.Debug|Any CPU.Build.0 = Debug|Any CPU
		{99E41204-89EC-434A-B96C-A48C168E82C5}.Release|Any CPU.ActiveCfg = Release|Any CPU
		{99E41204-89EC-434A-B96C-A48C168E82C5}.Release|Any CPU.Build.0 = Release|Any CPU
	EndGlobalSection
	GlobalSection(SolutionProperties) = preSolution
		HideSolutionNode = FALSE
	EndGlobalSection
	GlobalSection(ExtensibilityGlobals) = postSolution
		SolutionGuid = {9821E319-21D0-4E7B-BF27-AFCD071B9B35}
	EndGlobalSection
EndGlobal
